
Microsoft Visual Studio Solution File, Format Version 12.00
# Visual Studio Version 17
VisualStudioVersion = 17.1.32414.318
MinimumVisualStudioVersion = 10.0.40219.1
Project("{9A19103F-16F7-4668-BE54-9A1E7A4F7556}") = "OSDP.Net.SerialPortStreamOsdpConnection", "OSDP.Net.SerialPortStreamOsdpConnection\OSDP.Net.SerialPortStreamOsdpConnection.csproj", "{773E7A47-71A5-486C-8B02-2B4F2C388EC4}"
EndProject
Project("{FAE04EC0-301F-11D3-BF4B-00C04F79EFBC}") = "OSDP.Net.SerialPortStreamOsdpConnection.Tests", "OSDP.Net.SerialPortStreamOsdpConnection.Tests\OSDP.Net.SerialPortStreamOsdpConnection.Tests.csproj", "{6F86D1DE-9AA6-4AFB-83C4-919063A29F61}"
EndProject
Global
	GlobalSection(SolutionConfigurationPlatforms) = preSolution
		Debug|Any CPU = Debug|Any CPU
		Release|Any CPU = Release|Any CPU
	EndGlobalSection
	GlobalSection(ProjectConfigurationPlatforms) = postSolution
		{773E7A47-71A5-486C-8B02-2B4F2C388EC4}.Debug|Any CPU.ActiveCfg = Debug|Any CPU
		{773E7A47-71A5-486C-8B02-2B4F2C388EC4}.Debug|Any CPU.Build.0 = Debug|Any CPU
		{773E7A47-71A5-486C-8B02-2B4F2C388EC4}.Release|Any CPU.ActiveCfg = Release|Any CPU
		{773E7A47-71A5-486C-8B02-2B4F2C388EC4}.Release|Any CPU.Build.0 = Release|Any CPU
		{6F86D1DE-9AA6-4AFB-83C4-919063A29F61}.Debug|Any CPU.ActiveCfg = Debug|Any CPU
		{6F86D1DE-9AA6-4AFB-83C4-919063A29F61}.Debug|Any CPU.Build.0 = Debug|Any CPU
		{6F86D1DE-9AA6-4AFB-83C4-919063A29F61}.Release|Any CPU.ActiveCfg = Release|Any CPU
		{6F86D1DE-9AA6-4AFB-83C4-919063A29F61}.Release|Any CPU.Build.0 = Release|Any CPU
	EndGlobalSection
	GlobalSection(SolutionProperties) = preSolution
		HideSolutionNode = FALSE
	EndGlobalSection
	GlobalSection(ExtensibilityGlobals) = postSolution
		SolutionGuid = {B378EBA8-898F-441B-9E86-FD8B4CAE3CFE}
	EndGlobalSection
EndGlobal
